
Microsoft Visual Studio Solution File, Format Version 12.00
# Visual Studio 15
VisualStudioVersion = 15.0.27130.0
MinimumVisualStudioVersion = 10.0.40219.1
Project("{FAE04EC0-301F-11D3-BF4B-00C04F79EFBC}") = "IrisTwoClassPrediction", "IrisTwoClassPrediction\IrisTwoClassPrediction.csproj", "{56A690F8-89B3-4750-B5D9-3C949263456B}"
EndProject
Global
	GlobalSection(SolutionConfigurationPlatforms) = preSolution
		Debug|Any CPU = Debug|Any CPU
		Release|Any CPU = Release|Any CPU
	EndGlobalSection
	GlobalSection(ProjectConfigurationPlatforms) = postSolution
		{56A690F8-89B3-4750-B5D9-3C949263456B}.Debug|Any CPU.ActiveCfg = Debug|Any CPU
		{56A690F8-89B3-4750-B5D9-3C949263456B}.Debug|Any CPU.Build.0 = Debug|Any CPU
		{56A690F8-89B3-4750-B5D9-3C949263456B}.Release|Any CPU.ActiveCfg = Release|Any CPU
		{56A690F8-89B3-4750-B5D9-3C949263456B}.Release|Any CPU.Build.0 = Release|Any CPU
	EndGlobalSection
	GlobalSection(SolutionProperties) = preSolution
		HideSolutionNode = FALSE
	EndGlobalSection
	GlobalSection(ExtensibilityGlobals) = postSolution
		SolutionGuid = {1516EC6D-9864-43FE-BFF5-5401C7462905}
	EndGlobalSection
EndGlobal
